<?xml version="1.0" encoding="utf-8"?>
<Project ToolsVersion="4.0" xmlns="http://schemas.microsoft.com/developer/msbuild/2003">
  <ItemGroup>
    <Filter Include="Source Files">
      <UniqueIdentifier>{4FC737F1-C7A5-4376-A066-2A32D752A2FF}</UniqueIdentifier>
      <Extensions>cpp;c;cc;cxx;def;odl;idl;hpj;bat;asm;asmx</Extensions>
    </Filter>
    <Filter Include="Header Files">
      <UniqueIdentifier>{93995380-89BD-4b04-88EB-625FBE52EBFB}</UniqueIdentifier>
      <Extensions>h;hh;hpp;hxx;hm;inl;inc;xsd</Extensions>
    </Filter>
    <Filter Include="Resource Files">
      <UniqueIdentifier>{67DA6AB6-F800-4c08-8B7A-83BB121AAD01}</UniqueIdentifier>
      <Extensions>rc;ico;cur;bmp;dlg;rc2;rct;bin;rgs;gif;jpg;jpeg;jpe;resx;tiff;tif;png;wav</Extensions>
    </Filter>
  </ItemGroup>
  <ItemGroup>
    <ClCompile Include="lib\httpclient.c">
      <Filter>Source Files</Filter>
    </ClCompile>
    <ClCompile Include="lib\httpparser.c">
      <Filter>Source Files</Filter>
    </ClCompile>
    <ClCompile Include="lib\httpserver.c">
      <Filter>Source Files</Filter>
    </ClCompile>
    <ClCompile Include="lib\main.c">
      <Filter>Source Files</Filter>
    </ClCompile>
    <ClCompile Include="lib\track.c">
      <Filter>Source Files</Filter>
    </ClCompile>
    <ClCompile Include="lib\utils.c">
      <Filter>Source Files</Filter>
    </ClCompile>
    <ClCompile Include="lib\websocket.c">
      <Filter>Source Files</Filter>
    </ClCompile>
    <ClCompile Include="external\base64.c">
      <Filter>Source Files</Filter>
    </ClCompile>
    <ClCompile Include="external\csocket-client.c">
      <Filter>Source Files</Filter>
    </ClCompile>
    <ClCompile Include="external\csocket-server.c">
      <Filter>Source Files</Filter>
    </ClCompile>
    <ClCompile Include="external\cthreads.c">
      <Filter>Source Files</Filter>
    </ClCompile>
    <ClCompile Include="external\libtsrt.c">
      <Filter>Source Files</Filter>
    </ClCompile>
    <ClCompile Include="external\pcll.c">
      <Filter>Source Files</Filter>
    </ClCompile>
    <ClCompile Include="external\pdvoice.c">
      <Filter>Source Files</Filter>
    </ClCompile>
    <ClCompile Include="external\pjsonb.c">
      <Filter>Source Files</Filter>
    </ClCompile>
    <ClCompile Include="external\queryparser.c">
      <Filter>Source Files</Filter>
    </ClCompile>
    <ClCompile Include="external\sha1.c">
      <Filter>Source Files</Filter>
    </ClCompile>
    <ClCompile Include="external\tablec.c">
      <Filter>Source Files</Filter>
    </ClCompile>
    <ClCompile Include="external\urldecode.c">
      <Filter>Source Files</Filter>
    </ClCompile>
    <ClCompile Include="sources\youtube.c">
      <Filter>Source Files</Filter>
    </ClCompile>
  </ItemGroup>
  <ItemGroup>
    <ClInclude Include="external\base64.h">
      <Filter>Header Files</Filter>
    </ClInclude>
    <ClInclude Include="external\chash.h">
      <Filter>Header Files</Filter>
    </ClInclude>
    <ClInclude Include="external\csocket-client.h">
      <Filter>Header Files</Filter>
    </ClInclude>
    <ClInclude Include="external\csocket-server.h">
      <Filter>Header Files</Filter>
    </ClInclude>
    <ClInclude Include="external\cthreads.h">
      <Filter>Header Files</Filter>
    </ClInclude>
    <ClInclude Include="external\jsmn-find.h">
      <Filter>Header Files</Filter>
    </ClInclude>
    <ClInclude Include="external\jsmn.h">
      <Filter>Header Files</Filter>
    </ClInclude>
    <ClInclude Include="external\libtstr.h">
      <Filter>Header Files</Filter>
    </ClInclude>
    <ClInclude Include="external\pcll.h">
      <Filter>Header Files</Filter>
    </ClInclude>
    <ClInclude Include="external\pdvoice.h">
      <Filter>Header Files</Filter>
    </ClInclude>
    <ClInclude Include="external\pjsonb.h">
      <Filter>Header Files</Filter>
    </ClInclude>
    <ClInclude Include="external\queryparser.h">
      <Filter>Header Files</Filter>
    </ClInclude>
    <ClInclude Include="external\sha1.h">
      <Filter>Header Files</Filter>
    </ClInclude>
    <ClInclude Include="external\tablec.h">
      <Filter>Header Files</Filter>
    </ClInclude>
    <ClInclude Include="external\tcplimits.h">
      <Filter>Header Files</Filter>
    </ClInclude>
    <ClInclude Include="external\urldecode.h">
      <Filter>Header Files</Filter>
    </ClInclude>
    <ClInclude Include="include\httpclient.h">
      <Filter>Header Files</Filter>
    </ClInclude>
    <ClInclude Include="include\httpparser.h">
      <Filter>Header Files</Filter>
    </ClInclude>
    <ClInclude Include="include\httpserver.h">
      <Filter>Header Files</Filter>
    </ClInclude>
    <ClInclude Include="include\track.h">
      <Filter>Header Files</Filter>
    </ClInclude>
    <ClInclude Include="include\types.h">
      <Filter>Header Files</Filter>
    </ClInclude>
    <ClInclude Include="include\utils.h">
      <Filter>Header Files</Filter>
    </ClInclude>
    <ClInclude Include="include\websocket.h">
      <Filter>Header Files</Filter>
    </ClInclude>
    <ClInclude Include="sources\youtube.h">
      <Filter>Header Files</Filter>
    </ClInclude>
  </ItemGroup>
  <ItemGroup>
    <None Include="packages.config" />
  </ItemGroup>
</Project>