{
  "name": "frequenc-tests",
  "version": "1.0.0",
  "lockfileVersion": 3,
  "requires": true,
  "packages": {
    "": {
      "name": "frequenc-tests",
      "version": "1.0.0",
      "license": "Custom License",
      "dependencies": {
        "@performanc/pwsl-mini": "github:PerformanC/internals#PWSL-mini"
      }
    },
    "node_modules/@performanc/pwsl-mini": {
      "version": "1.0.0",
      "resolved": "git+ssh://git@github.com/PerformanC/internals.git#167c43a836129221dabba707329ee46da44378e9"
    }
  }
}
